// !$*UTF8*$!
{
	archiveVersion = 1;
	classes = {};
	objectVersion = 56;
	objects = {

/* Begin PBXBuildFile section */
		A00100000000000000000001 /* SolanimeProtectedPlayerApp.swift in Sources */ = {isa = PBXBuildFile; fileRef = A00100000000000000000002 /* SolanimeProtectedPlayerApp.swift */; };
/* End PBXBuildFile section */

/* Begin PBXFileReference section */
		A00100000000000000000002 /* SolanimeProtectedPlayerApp.swift */ = {isa = PBXFileReference; lastKnownFileType = sourcecode.swift; path = SolanimeProtectedPlayerApp.swift; sourceTree = "<group>"; };
		A00100000000000000000003 /* Solanime Protected.app */ = {isa = PBXFileReference; explicitFileType = wrapper.application; includeInIndex = 0; path = "Solanime Protected.app"; sourceTree = BUILT_PRODUCTS_DIR; };
/* End PBXFileReference section */

/* Begin PBXFrameworksBuildPhase section */
		A00100000000000000000004 /* Frameworks */ = {isa = PBXFrameworksBuildPhase; buildActionMask = 2147483647; files = (); runOnlyForDeploymentPostprocessing = 0; };
/* End PBXFrameworksBuildPhase section */

/* Begin PBXGroup section */
		A00100000000000000000005 = {isa = PBXGroup; children = (A00100000000000000000002 /* SolanimeProtectedPlayerApp.swift */, A00100000000000000000006 /* Products */); sourceTree = "<group>"; };
		A00100000000000000000006 /* Products */ = {isa = PBXGroup; children = (A00100000000000000000003 /* Solanime Protected.app */); name = Products; sourceTree = "<group>"; };
/* End PBXGroup section */

/* Begin PBXNativeTarget section */
		A00100000000000000000007 /* SolanimeProtectedPlayer */ = {
			isa = PBXNativeTarget;
			buildConfigurationList = A00100000000000000000008 /* Build configuration list for PBXNativeTarget */;
			buildPhases = (A00100000000000000000009 /* Sources */, A00100000000000000000004 /* Frameworks */);
			buildRules = ();
			dependencies = ();
			name = SolanimeProtectedPlayer;
			productName = SolanimeProtectedPlayer;
			productReference = A00100000000000000000003 /* Solanime Protected.app */;
			productType = "com.apple.product-type.application";
		};
/* End PBXNativeTarget section */

/* Begin PBXProject section */
		A0010000000000000000000A /* Project object */ = {
			isa = PBXProject;
			attributes = {BuildIndependentTargetsInParallel = 1; LastUpgradeCheck = 1600; TargetAttributes = {A00100000000000000000007 = {CreatedOnToolsVersion = 16.0; }; }; };
			buildConfigurationList = A0010000000000000000000B /* Build configuration list for PBXProject */;
			compatibilityVersion = "Xcode 14.0";
			developmentRegion = en;
			hasScannedForEncodings = 0;
			knownRegions = (en, Base);
			mainGroup = A00100000000000000000005;
			productRefGroup = A00100000000000000000006 /* Products */;
			projectDirPath = "";
			projectRoot = "";
			targets = (A00100000000000000000007 /* SolanimeProtectedPlayer */);
		};
/* End PBXProject section */

/* Begin PBXSourcesBuildPhase section */
		A00100000000000000000009 /* Sources */ = {isa = PBXSourcesBuildPhase; buildActionMask = 2147483647; files = (A00100000000000000000001 /* SolanimeProtectedPlayerApp.swift in Sources */); runOnlyForDeploymentPostprocessing = 0; };
/* End PBXSourcesBuildPhase section */

/* Begin XCBuildConfiguration section */
		A0010000000000000000000C /* Debug */ = {isa = XCBuildConfiguration; buildSettings = {ALWAYS_SEARCH_USER_PATHS = NO; CLANG_ENABLE_MODULES = YES; CODE_SIGN_STYLE = Automatic; IPHONEOS_DEPLOYMENT_TARGET = 16.0; SDKROOT = iphoneos; SWIFT_VERSION = 5.0; }; name = Debug; };
		A0010000000000000000000D /* Release */ = {isa = XCBuildConfiguration; buildSettings = {ALWAYS_SEARCH_USER_PATHS = NO; CLANG_ENABLE_MODULES = YES; CODE_SIGN_STYLE = Automatic; IPHONEOS_DEPLOYMENT_TARGET = 16.0; SDKROOT = iphoneos; SWIFT_VERSION = 5.0; }; name = Release; };
		A0010000000000000000000E /* Debug */ = {isa = XCBuildConfiguration; buildSettings = {
			CODE_SIGN_STYLE = Automatic;
			CURRENT_PROJECT_VERSION = 1;
			GENERATE_INFOPLIST_FILE = YES;
			INFOPLIST_KEY_CFBundleDisplayName = "Solanime Protected";
			INFOPLIST_KEY_UIApplicationSceneManifest_Generation = YES;
			INFOPLIST_KEY_UILaunchScreen_Generation = YES;
			IPHONEOS_DEPLOYMENT_TARGET = 16.0;
			MARKETING_VERSION = 0.1.0;
			PRODUCT_BUNDLE_IDENTIFIER = dev.solanime.protectedplayer.preview;
			PRODUCT_NAME = "$(TARGET_NAME)";
			SDKROOT = iphoneos;
			SUPPORTED_PLATFORMS = "iphoneos iphonesimulator";
			SWIFT_EMIT_LOC_STRINGS = YES;
			SWIFT_VERSION = 5.0;
			TARGETED_DEVICE_FAMILY = 1;
		}; name = Debug; };
		A0010000000000000000000F /* Release */ = {isa = XCBuildConfiguration; buildSettings = {
			CODE_SIGN_STYLE = Automatic;
			CURRENT_PROJECT_VERSION = 1;
			GENERATE_INFOPLIST_FILE = YES;
			INFOPLIST_KEY_CFBundleDisplayName = "Solanime Protected";
			INFOPLIST_KEY_UIApplicationSceneManifest_Generation = YES;
			INFOPLIST_KEY_UILaunchScreen_Generation = YES;
			IPHONEOS_DEPLOYMENT_TARGET = 16.0;
			MARKETING_VERSION = 0.1.0;
			PRODUCT_BUNDLE_IDENTIFIER = dev.solanime.protectedplayer.preview;
			PRODUCT_NAME = "$(TARGET_NAME)";
			SDKROOT = iphoneos;
			SUPPORTED_PLATFORMS = "iphoneos iphonesimulator";
			SWIFT_EMIT_LOC_STRINGS = YES;
			SWIFT_VERSION = 5.0;
			TARGETED_DEVICE_FAMILY = 1;
		}; name = Release; };
/* End XCBuildConfiguration section */

/* Begin XCConfigurationList section */
		A00100000000000000000008 /* Build configuration list for PBXNativeTarget */ = {isa = XCConfigurationList; buildConfigurations = (A0010000000000000000000E /* Debug */, A0010000000000000000000F /* Release */); defaultConfigurationIsVisible = 0; defaultConfigurationName = Release; };
		A0010000000000000000000B /* Build configuration list for PBXProject */ = {isa = XCConfigurationList; buildConfigurations = (A0010000000000000000000C /* Debug */, A0010000000000000000000D /* Release */); defaultConfigurationIsVisible = 0; defaultConfigurationName = Release; };
/* End XCConfigurationList section */
	};
	rootObject = A0010000000000000000000A /* Project object */;
}
