// !$*UTF8*$!
{
	archiveVersion = 1;
	classes = {
	};
	objectVersion = 56;
	objects = {

/* Begin PBXBuildFile section */
		A00100000000000000000001 /* SolanimeProtectedPlayerApp.swift in Sources */ = {isa = PBXBuildFile; fileRef = A00100000000000000000002 /* SolanimeProtectedPlayerApp.swift */; };
		A00100000000000000000011 /* Assets.xcassets in Resources */ = {isa = PBXBuildFile; fileRef = A00100000000000000000010 /* Assets.xcassets */; };
		A00100000000000000000013 /* LaunchScreen.storyboard in Resources */ = {isa = PBXBuildFile; fileRef = A00100000000000000000014 /* LaunchScreen.storyboard */; };
		A00100000000000000000101 /* SignInUITests.swift in Sources */ = {isa = PBXBuildFile; fileRef = A00100000000000000000102 /* SignInUITests.swift */; };
/* End PBXBuildFile section */

/* Begin PBXContainerItemProxy section */
		A0010000000000000000010B /* PBXContainerItemProxy */ = {
			isa = PBXContainerItemProxy;
			containerPortal = A0010000000000000000000A /* Project object */;
			proxyType = 1;
			remoteGlobalIDString = A00100000000000000000007;
			remoteInfo = SolanimeProtectedPlayer;
		};
/* End PBXContainerItemProxy section */

/* Begin PBXFileReference section */
		A00100000000000000000002 /* SolanimeProtectedPlayerApp.swift */ = {isa = PBXFileReference; lastKnownFileType = sourcecode.swift; path = SolanimeProtectedPlayerApp.swift; sourceTree = "<group>"; };
		A00100000000000000000003 /* Solanime.app */ = {isa = PBXFileReference; explicitFileType = wrapper.application; includeInIndex = 0; path = Solanime.app; sourceTree = BUILT_PRODUCTS_DIR; };
		A00100000000000000000010 /* Assets.xcassets */ = {isa = PBXFileReference; lastKnownFileType = folder.assetcatalog; path = Assets.xcassets; sourceTree = "<group>"; };
		A00100000000000000000014 /* LaunchScreen.storyboard */ = {isa = PBXFileReference; lastKnownFileType = file.storyboard; path = LaunchScreen.storyboard; sourceTree = "<group>"; };
		A00100000000000000000015 /* Info.plist */ = {isa = PBXFileReference; lastKnownFileType = text.plist.xml; path = Info.plist; sourceTree = "<group>"; };
		A00100000000000000000102 /* SignInUITests.swift */ = {isa = PBXFileReference; lastKnownFileType = sourcecode.swift; path = SignInUITests.swift; sourceTree = "<group>"; };
		A00100000000000000000103 /* SolanimeProtectedPlayerUITests.xctest */ = {isa = PBXFileReference; explicitFileType = wrapper.cfbundle; includeInIndex = 0; path = SolanimeProtectedPlayerUITests.xctest; sourceTree = BUILT_PRODUCTS_DIR; };
/* End PBXFileReference section */

/* Begin PBXFrameworksBuildPhase section */
		A00100000000000000000004 /* Frameworks */ = {
			isa = PBXFrameworksBuildPhase;
			buildActionMask = 2147483647;
			files = (
			);
			runOnlyForDeploymentPostprocessing = 0;
		};
		A00100000000000000000104 /* Frameworks */ = {
			isa = PBXFrameworksBuildPhase;
			buildActionMask = 2147483647;
			files = (
			);
			runOnlyForDeploymentPostprocessing = 0;
		};
/* End PBXFrameworksBuildPhase section */

/* Begin PBXGroup section */
		A00100000000000000000005 = {
			isa = PBXGroup;
			children = (
				A00100000000000000000002 /* SolanimeProtectedPlayerApp.swift */,
				A00100000000000000000010 /* Assets.xcassets */,
				A00100000000000000000014 /* LaunchScreen.storyboard */,
				A00100000000000000000015 /* Info.plist */,
				A00100000000000000000105 /* SolanimeProtectedPlayerUITests */,
				A00100000000000000000006 /* Products */,
			);
			sourceTree = "<group>";
		};
		A00100000000000000000006 /* Products */ = {
			isa = PBXGroup;
			children = (
				A00100000000000000000003 /* Solanime.app */,
				A00100000000000000000103 /* SolanimeProtectedPlayerUITests.xctest */,
			);
			name = Products;
			sourceTree = "<group>";
		};
		A00100000000000000000105 /* SolanimeProtectedPlayerUITests */ = {
			isa = PBXGroup;
			children = (
				A00100000000000000000102 /* SignInUITests.swift */,
			);
			path = SolanimeProtectedPlayerUITests;
			sourceTree = "<group>";
		};
/* End PBXGroup section */

/* Begin PBXNativeTarget section */
		A00100000000000000000007 /* SolanimeProtectedPlayer */ = {
			isa = PBXNativeTarget;
			buildConfigurationList = A00100000000000000000008 /* Build configuration list for PBXNativeTarget "SolanimeProtectedPlayer" */;
			buildPhases = (
				A00100000000000000000009 /* Sources */,
				A00100000000000000000012 /* Resources */,
				A00100000000000000000004 /* Frameworks */,
			);
			buildRules = (
			);
			dependencies = (
			);
			name = SolanimeProtectedPlayer;
			productName = Solanime;
			productReference = A00100000000000000000003 /* Solanime.app */;
			productType = "com.apple.product-type.application";
		};
		A00100000000000000000106 /* SolanimeProtectedPlayerUITests */ = {
			isa = PBXNativeTarget;
			buildConfigurationList = A00100000000000000000107 /* Build configuration list for PBXNativeTarget "SolanimeProtectedPlayerUITests" */;
			buildPhases = (
				A00100000000000000000108 /* Sources */,
				A00100000000000000000104 /* Frameworks */,
			);
			buildRules = (
			);
			dependencies = (
				A0010000000000000000010C /* PBXTargetDependency */,
			);
			name = SolanimeProtectedPlayerUITests;
			productName = SolanimeProtectedPlayerUITests;
			productReference = A00100000000000000000103 /* SolanimeProtectedPlayerUITests.xctest */;
			productType = "com.apple.product-type.bundle.ui-testing";
		};
/* End PBXNativeTarget section */

/* Begin PBXProject section */
		A0010000000000000000000A /* Project object */ = {
			isa = PBXProject;
			attributes = {
				BuildIndependentTargetsInParallel = 1;
				LastUpgradeCheck = 1600;
				TargetAttributes = {
					A00100000000000000000007 = {
						CreatedOnToolsVersion = 16.0;
					};
					A00100000000000000000106 = {
						CreatedOnToolsVersion = 16.0;
						TestTargetID = A00100000000000000000007;
					};
				};
			};
			buildConfigurationList = A0010000000000000000000B /* Build configuration list for PBXProject "SolanimeProtectedPlayer" */;
			compatibilityVersion = "Xcode 14.0";
			developmentRegion = en;
			hasScannedForEncodings = 0;
			knownRegions = (
				en,
				Base,
			);
			mainGroup = A00100000000000000000005;
			productRefGroup = A00100000000000000000006 /* Products */;
			projectDirPath = "";
			projectRoot = "";
			targets = (
				A00100000000000000000007 /* SolanimeProtectedPlayer */,
				A00100000000000000000106 /* SolanimeProtectedPlayerUITests */,
			);
		};
/* End PBXProject section */

/* Begin PBXResourcesBuildPhase section */
		A00100000000000000000012 /* Resources */ = {
			isa = PBXResourcesBuildPhase;
			buildActionMask = 2147483647;
			files = (
				A00100000000000000000011 /* Assets.xcassets in Resources */,
				A00100000000000000000013 /* LaunchScreen.storyboard in Resources */,
			);
			runOnlyForDeploymentPostprocessing = 0;
		};
/* End PBXResourcesBuildPhase section */

/* Begin PBXSourcesBuildPhase section */
		A00100000000000000000009 /* Sources */ = {
			isa = PBXSourcesBuildPhase;
			buildActionMask = 2147483647;
			files = (
				A00100000000000000000001 /* SolanimeProtectedPlayerApp.swift in Sources */,
			);
			runOnlyForDeploymentPostprocessing = 0;
		};
		A00100000000000000000108 /* Sources */ = {
			isa = PBXSourcesBuildPhase;
			buildActionMask = 2147483647;
			files = (
				A00100000000000000000101 /* SignInUITests.swift in Sources */,
			);
			runOnlyForDeploymentPostprocessing = 0;
		};
/* End PBXSourcesBuildPhase section */

/* Begin PBXTargetDependency section */
		A0010000000000000000010C /* PBXTargetDependency */ = {
			isa = PBXTargetDependency;
			target = A00100000000000000000007 /* SolanimeProtectedPlayer */;
			targetProxy = A0010000000000000000010B /* PBXContainerItemProxy */;
		};
/* End PBXTargetDependency section */

/* Begin XCBuildConfiguration section */
		A0010000000000000000000C /* Debug */ = {
			isa = XCBuildConfiguration;
			buildSettings = {
				ALWAYS_SEARCH_USER_PATHS = NO;
				CLANG_ENABLE_MODULES = YES;
				CODE_SIGN_STYLE = Automatic;
				IPHONEOS_DEPLOYMENT_TARGET = 16.0;
				SDKROOT = iphoneos;
				SWIFT_VERSION = 5.0;
			};
			name = Debug;
		};
		A0010000000000000000000D /* Release */ = {
			isa = XCBuildConfiguration;
			buildSettings = {
				ALWAYS_SEARCH_USER_PATHS = NO;
				CLANG_ENABLE_MODULES = YES;
				CODE_SIGN_STYLE = Automatic;
				IPHONEOS_DEPLOYMENT_TARGET = 16.0;
				SDKROOT = iphoneos;
				SWIFT_VERSION = 5.0;
			};
			name = Release;
		};
		A0010000000000000000000E /* Debug */ = {
			isa = XCBuildConfiguration;
			buildSettings = {
				ASSETCATALOG_COMPILER_APPICON_NAME = AppIcon;
				CODE_SIGN_STYLE = Automatic;
				CURRENT_PROJECT_VERSION = 10;
				SWIFT_ACTIVE_COMPILATION_CONDITIONS = DEBUG;
				GENERATE_INFOPLIST_FILE = YES;
				INFOPLIST_FILE = Info.plist;
				INFOPLIST_KEY_CFBundleDisplayName = Solanime;
				INFOPLIST_KEY_UILaunchStoryboardName = LaunchScreen;
				INFOPLIST_KEY_UIApplicationSceneManifest_Generation = YES;
				IPHONEOS_DEPLOYMENT_TARGET = 16.0;
				MARKETING_VERSION = 0.1.0;
				PRODUCT_BUNDLE_IDENTIFIER = dev.solanime.protectedplayer.preview;
				PRODUCT_NAME = Solanime;
				SDKROOT = iphoneos;
				SUPPORTED_PLATFORMS = "iphoneos iphonesimulator";
				SWIFT_EMIT_LOC_STRINGS = YES;
				SWIFT_VERSION = 5.0;
				TARGETED_DEVICE_FAMILY = 1;
			};
			name = Debug;
		};
		A0010000000000000000000F /* Release */ = {
			isa = XCBuildConfiguration;
			buildSettings = {
				ASSETCATALOG_COMPILER_APPICON_NAME = AppIcon;
				CODE_SIGN_STYLE = Automatic;
				CURRENT_PROJECT_VERSION = 10;
				GENERATE_INFOPLIST_FILE = YES;
				INFOPLIST_FILE = Info.plist;
				INFOPLIST_KEY_CFBundleDisplayName = Solanime;
				INFOPLIST_KEY_UILaunchStoryboardName = LaunchScreen;
				INFOPLIST_KEY_UIApplicationSceneManifest_Generation = YES;
				IPHONEOS_DEPLOYMENT_TARGET = 16.0;
				MARKETING_VERSION = 0.1.0;
				PRODUCT_BUNDLE_IDENTIFIER = dev.solanime.protectedplayer.preview;
				PRODUCT_NAME = Solanime;
				SDKROOT = iphoneos;
				SUPPORTED_PLATFORMS = "iphoneos iphonesimulator";
				SWIFT_EMIT_LOC_STRINGS = YES;
				SWIFT_VERSION = 5.0;
				TARGETED_DEVICE_FAMILY = 1;
			};
			name = Release;
		};
		A00100000000000000000109 /* Debug */ = {
			isa = XCBuildConfiguration;
			buildSettings = {
				CODE_SIGN_STYLE = Automatic;
				GENERATE_INFOPLIST_FILE = YES;
				IPHONEOS_DEPLOYMENT_TARGET = 16.0;
				PRODUCT_BUNDLE_IDENTIFIER = dev.solanime.protectedplayer.preview.uitests;
				PRODUCT_NAME = "$(TARGET_NAME)";
				SDKROOT = iphoneos;
				SUPPORTED_PLATFORMS = "iphoneos iphonesimulator";
				SWIFT_VERSION = 5.0;
				TARGETED_DEVICE_FAMILY = 1;
				TEST_TARGET_NAME = SolanimeProtectedPlayer;
			};
			name = Debug;
		};
		A0010000000000000000010A /* Release */ = {
			isa = XCBuildConfiguration;
			buildSettings = {
				CODE_SIGN_STYLE = Automatic;
				GENERATE_INFOPLIST_FILE = YES;
				IPHONEOS_DEPLOYMENT_TARGET = 16.0;
				PRODUCT_BUNDLE_IDENTIFIER = dev.solanime.protectedplayer.preview.uitests;
				PRODUCT_NAME = "$(TARGET_NAME)";
				SDKROOT = iphoneos;
				SUPPORTED_PLATFORMS = "iphoneos iphonesimulator";
				SWIFT_VERSION = 5.0;
				TARGETED_DEVICE_FAMILY = 1;
				TEST_TARGET_NAME = SolanimeProtectedPlayer;
			};
			name = Release;
		};
/* End XCBuildConfiguration section */

/* Begin XCConfigurationList section */
		A00100000000000000000008 /* Build configuration list for PBXNativeTarget "SolanimeProtectedPlayer" */ = {
			isa = XCConfigurationList;
			buildConfigurations = (
				A0010000000000000000000E /* Debug */,
				A0010000000000000000000F /* Release */,
			);
			defaultConfigurationIsVisible = 0;
			defaultConfigurationName = Release;
		};
		A0010000000000000000000B /* Build configuration list for PBXProject "SolanimeProtectedPlayer" */ = {
			isa = XCConfigurationList;
			buildConfigurations = (
				A0010000000000000000000C /* Debug */,
				A0010000000000000000000D /* Release */,
			);
			defaultConfigurationIsVisible = 0;
			defaultConfigurationName = Release;
		};
		A00100000000000000000107 /* Build configuration list for PBXNativeTarget "SolanimeProtectedPlayerUITests" */ = {
			isa = XCConfigurationList;
			buildConfigurations = (
				A00100000000000000000109 /* Debug */,
				A0010000000000000000010A /* Release */,
			);
			defaultConfigurationIsVisible = 0;
			defaultConfigurationName = Release;
		};
/* End XCConfigurationList section */
	};
	rootObject = A0010000000000000000000A /* Project object */;
}
